{
  "nodes": {
    "nixpkgs": {
      "locked": {
        "lastModified": 1767313136,
        "narHash": "sha256-16KkgfdYqjaeRGBaYsNrhPRRENs0qzkQVUooNHtoy2w=",
        "owner": "nixos",
        "repo": "nixpkgs",
        "rev": "ac62194c3917d5f474c1a844b6fd6da2db95077d",
        "type": "github"
      },
      "original": {
        "owner": "nixos",
        "ref": "nixos-25.05",
        "repo": "nixpkgs",
        "type": "github"
      }
    },
    "root": {
      "inputs": {
        "nixpkgs": "nixpkgs",
        "steam-fetcher": "steam-fetcher"
      }
    },
    "steam-fetcher": {
      "inputs": {
        "nixpkgs": [
          "nixpkgs"
        ]
      },
      "locked": {
        "lastModified": 1758622040,
        "narHash": "sha256-BRUZZoQDCD1qByJjHm4YKipQlB2PburWLG9Iaggr8XQ=",
        "owner": "nix-community",
        "repo": "steam-fetcher",
        "rev": "ab5e3a0828b4b179feb548c57be584ce812956a8",
        "type": "github"
      },
      "original": {
        "owner": "nix-community",
        "repo": "steam-fetcher",
        "type": "github"
      }
    }
  },
  "root": "root",
  "version": 7
}
